
Microsoft Visual Studio Solution File, Format Version 12.00
# Visual Studio 2017
Project("{FAE04EC0-301F-11D3-BF4B-00C04F79EFBC}") = "MyVRow", "MyVRow.csproj", "{01B5EF56-0AD9-1511-7A06-7176DD4684B9}"
EndProject
Project("{FAE04EC0-301F-11D3-BF4B-00C04F79EFBC}") = "MyVRow.Editor", "MyVRow.Editor.csproj", "{DA16B211-9B28-92BD-4CED-C128A7362EA4}"
EndProject
Global
	GlobalSection(SolutionConfigurationPlatforms) = preSolution
		Debug|Any CPU = Debug|Any CPU
		Release|Any CPU = Release|Any CPU
	EndGlobalSection
	GlobalSection(ProjectConfigurationPlatforms) = postSolution
		{01B5EF56-0AD9-1511-7A06-7176DD4684B9}.Debug|Any CPU.ActiveCfg = Debug|Any CPU
		{01B5EF56-0AD9-1511-7A06-7176DD4684B9}.Debug|Any CPU.Build.0 = Debug|Any CPU
		{01B5EF56-0AD9-1511-7A06-7176DD4684B9}.Release|Any CPU.ActiveCfg = Release|Any CPU
		{01B5EF56-0AD9-1511-7A06-7176DD4684B9}.Release|Any CPU.Build.0 = Release|Any CPU
		{DA16B211-9B28-92BD-4CED-C128A7362EA4}.Debug|Any CPU.ActiveCfg = Debug|Any CPU
		{DA16B211-9B28-92BD-4CED-C128A7362EA4}.Debug|Any CPU.Build.0 = Debug|Any CPU
		{DA16B211-9B28-92BD-4CED-C128A7362EA4}.Release|Any CPU.ActiveCfg = Release|Any CPU
		{DA16B211-9B28-92BD-4CED-C128A7362EA4}.Release|Any CPU.Build.0 = Release|Any CPU
	EndGlobalSection
	GlobalSection(SolutionProperties) = preSolution
		HideSolutionNode = FALSE
	EndGlobalSection
EndGlobal
